
Microsoft Visual Studio Solution File, Format Version 12.00
# Visual Studio Version 17
VisualStudioVersion = 17.6.33815.320
MinimumVisualStudioVersion = 10.0.40219.1
Project("{9A19103F-16F7-4668-BE54-9A1E7A4F7556}") = "Fibonacci", "Fibonacci\Fibonacci.csproj", "{3B8FA129-9B9D-413C-8DD9-CDBB0CE22C2C}"
EndProject
Project("{9A19103F-16F7-4668-BE54-9A1E7A4F7556}") = "pascalHaromszog", "pascalHaromszog\pascalHaromszog.csproj", "{04163B39-BF17-403D-A8F0-0DE78901B094}"
EndProject
Project("{9A19103F-16F7-4668-BE54-9A1E7A4F7556}") = "VillogoGomb", "VillogoGomb\VillogoGomb.csproj", "{BA0642D3-CD16-471D-8DD0-BCD830BCF123}"
EndProject
Project("{9A19103F-16F7-4668-BE54-9A1E7A4F7556}") = "RandomGomb", "RandomGomb\RandomGomb.csproj", "{DFBCE334-861F-45EA-A6BA-2DE9201B7024}"
EndProject
Project("{9A19103F-16F7-4668-BE54-9A1E7A4F7556}") = "gyakorla_az_elso_zhra", "gyakorla_az_elso_zhra\gyakorla_az_elso_zhra.csproj", "{62DA455A-82C1-4FAB-8D44-9AE9A7D52A84}"
EndProject
Project("{9A19103F-16F7-4668-BE54-9A1E7A4F7556}") = "HajosKviz", "HajosKviz\HajosKviz.csproj", "{13AAF164-3DB4-4C8D-850E-E587E2C6DA07}"
EndProject
Project("{9A19103F-16F7-4668-BE54-9A1E7A4F7556}") = "KigyosJatek", "KigyosJatek\KigyosJatek.csproj", "{9C98CB28-C920-4928-9AB0-261E9A3B05F2}"
EndProject
Project("{9A19103F-16F7-4668-BE54-9A1E7A4F7556}") = "AdatKotes", "AdatKotes\AdatKotes.csproj", "{0EE884CF-A0DB-440D-9E0F-1C2F3517F88C}"
EndProject
Project("{9A19103F-16F7-4668-BE54-9A1E7A4F7556}") = "gyakorlas_2_zhra", "gyakorlas_2_zhra\gyakorlas_2_zhra.csproj", "{16A1ECC8-11FA-4144-9C02-88A124EEDA46}"
EndProject
Project("{FAE04EC0-301F-11D3-BF4B-00C04F79EFBC}") = "2zh_gyakorlas_mintazh", "2zh_gyakorlas_mintazh\2zh_gyakorlas_mintazh.csproj", "{D510A0D4-4148-4367-B367-A59EA723178F}"
EndProject
Global
	GlobalSection(SolutionConfigurationPlatforms) = preSolution
		Debug|Any CPU = Debug|Any CPU
		Release|Any CPU = Release|Any CPU
	EndGlobalSection
	GlobalSection(ProjectConfigurationPlatforms) = postSolution
		{3B8FA129-9B9D-413C-8DD9-CDBB0CE22C2C}.Debug|Any CPU.ActiveCfg = Debug|Any CPU
		{3B8FA129-9B9D-413C-8DD9-CDBB0CE22C2C}.Debug|Any CPU.Build.0 = Debug|Any CPU
		{3B8FA129-9B9D-413C-8DD9-CDBB0CE22C2C}.Release|Any CPU.ActiveCfg = Release|Any CPU
		{3B8FA129-9B9D-413C-8DD9-CDBB0CE22C2C}.Release|Any CPU.Build.0 = Release|Any CPU
		{04163B39-BF17-403D-A8F0-0DE78901B094}.Debug|Any CPU.ActiveCfg = Debug|Any CPU
		{04163B39-BF17-403D-A8F0-0DE78901B094}.Debug|Any CPU.Build.0 = Debug|Any CPU
		{04163B39-BF17-403D-A8F0-0DE78901B094}.Release|Any CPU.ActiveCfg = Release|Any CPU
		{04163B39-BF17-403D-A8F0-0DE78901B094}.Release|Any CPU.Build.0 = Release|Any CPU
		{BA0642D3-CD16-471D-8DD0-BCD830BCF123}.Debug|Any CPU.ActiveCfg = Debug|Any CPU
		{BA0642D3-CD16-471D-8DD0-BCD830BCF123}.Debug|Any CPU.Build.0 = Debug|Any CPU
		{BA0642D3-CD16-471D-8DD0-BCD830BCF123}.Release|Any CPU.ActiveCfg = Release|Any CPU
		{BA0642D3-CD16-471D-8DD0-BCD830BCF123}.Release|Any CPU.Build.0 = Release|Any CPU
		{DFBCE334-861F-45EA-A6BA-2DE9201B7024}.Debug|Any CPU.ActiveCfg = Debug|Any CPU
		{DFBCE334-861F-45EA-A6BA-2DE9201B7024}.Debug|Any CPU.Build.0 = Debug|Any CPU
		{DFBCE334-861F-45EA-A6BA-2DE9201B7024}.Release|Any CPU.ActiveCfg = Release|Any CPU
		{DFBCE334-861F-45EA-A6BA-2DE9201B7024}.Release|Any CPU.Build.0 = Release|Any CPU
		{62DA455A-82C1-4FAB-8D44-9AE9A7D52A84}.Debug|Any CPU.ActiveCfg = Debug|Any CPU
		{62DA455A-82C1-4FAB-8D44-9AE9A7D52A84}.Debug|Any CPU.Build.0 = Debug|Any CPU
		{62DA455A-82C1-4FAB-8D44-9AE9A7D52A84}.Release|Any CPU.ActiveCfg = Release|Any CPU
		{62DA455A-82C1-4FAB-8D44-9AE9A7D52A84}.Release|Any CPU.Build.0 = Release|Any CPU
		{13AAF164-3DB4-4C8D-850E-E587E2C6DA07}.Debug|Any CPU.ActiveCfg = Debug|Any CPU
		{13AAF164-3DB4-4C8D-850E-E587E2C6DA07}.Debug|Any CPU.Build.0 = Debug|Any CPU
		{13AAF164-3DB4-4C8D-850E-E587E2C6DA07}.Release|Any CPU.ActiveCfg = Release|Any CPU
		{13AAF164-3DB4-4C8D-850E-E587E2C6DA07}.Release|Any CPU.Build.0 = Release|Any CPU
		{9C98CB28-C920-4928-9AB0-261E9A3B05F2}.Debug|Any CPU.ActiveCfg = Debug|Any CPU
		{9C98CB28-C920-4928-9AB0-261E9A3B05F2}.Debug|Any CPU.Build.0 = Debug|Any CPU
		{9C98CB28-C920-4928-9AB0-261E9A3B05F2}.Release|Any CPU.ActiveCfg = Release|Any CPU
		{9C98CB28-C920-4928-9AB0-261E9A3B05F2}.Release|Any CPU.Build.0 = Release|Any CPU
		{0EE884CF-A0DB-440D-9E0F-1C2F3517F88C}.Debug|Any CPU.ActiveCfg = Debug|Any CPU
		{0EE884CF-A0DB-440D-9E0F-1C2F3517F88C}.Debug|Any CPU.Build.0 = Debug|Any CPU
		{0EE884CF-A0DB-440D-9E0F-1C2F3517F88C}.Release|Any CPU.ActiveCfg = Release|Any CPU
		{0EE884CF-A0DB-440D-9E0F-1C2F3517F88C}.Release|Any CPU.Build.0 = Release|Any CPU
		{16A1ECC8-11FA-4144-9C02-88A124EEDA46}.Debug|Any CPU.ActiveCfg = Debug|Any CPU
		{16A1ECC8-11FA-4144-9C02-88A124EEDA46}.Debug|Any CPU.Build.0 = Debug|Any CPU
		{16A1ECC8-11FA-4144-9C02-88A124EEDA46}.Release|Any CPU.ActiveCfg = Release|Any CPU
		{16A1ECC8-11FA-4144-9C02-88A124EEDA46}.Release|Any CPU.Build.0 = Release|Any CPU
		{D510A0D4-4148-4367-B367-A59EA723178F}.Debug|Any CPU.ActiveCfg = Debug|Any CPU
		{D510A0D4-4148-4367-B367-A59EA723178F}.Debug|Any CPU.Build.0 = Debug|Any CPU
		{D510A0D4-4148-4367-B367-A59EA723178F}.Release|Any CPU.ActiveCfg = Release|Any CPU
		{D510A0D4-4148-4367-B367-A59EA723178F}.Release|Any CPU.Build.0 = Release|Any CPU
	EndGlobalSection
	GlobalSection(SolutionProperties) = preSolution
		HideSolutionNode = FALSE
	EndGlobalSection
	GlobalSection(ExtensibilityGlobals) = postSolution
		SolutionGuid = {F259FB13-244D-4835-B1DB-0CDCFF8AA2A0}
	EndGlobalSection
EndGlobal
