
Microsoft Visual Studio Solution File, Format Version 12.00
# Visual Studio Version 17
VisualStudioVersion = 17.6.33815.320
MinimumVisualStudioVersion = 10.0.40219.1
Project("{9A19103F-16F7-4668-BE54-9A1E7A4F7556}") = "Fibonacci", "Fibonacci\Fibonacci.csproj", "{3B8FA129-9B9D-413C-8DD9-CDBB0CE22C2C}"
EndProject
Project("{FAE04EC0-301F-11D3-BF4B-00C04F79EFBC}") = "pascalHaromszog", "pascalHaromszog\pascalHaromszog.csproj", "{04163B39-BF17-403D-A8F0-0DE78901B094}"
EndProject
Global
	GlobalSection(SolutionConfigurationPlatforms) = preSolution
		Debug|Any CPU = Debug|Any CPU
		Release|Any CPU = Release|Any CPU
	EndGlobalSection
	GlobalSection(ProjectConfigurationPlatforms) = postSolution
		{3B8FA129-9B9D-413C-8DD9-CDBB0CE22C2C}.Debug|Any CPU.ActiveCfg = Debug|Any CPU
		{3B8FA129-9B9D-413C-8DD9-CDBB0CE22C2C}.Debug|Any CPU.Build.0 = Debug|Any CPU
		{3B8FA129-9B9D-413C-8DD9-CDBB0CE22C2C}.Release|Any CPU.ActiveCfg = Release|Any CPU
		{3B8FA129-9B9D-413C-8DD9-CDBB0CE22C2C}.Release|Any CPU.Build.0 = Release|Any CPU
		{04163B39-BF17-403D-A8F0-0DE78901B094}.Debug|Any CPU.ActiveCfg = Debug|Any CPU
		{04163B39-BF17-403D-A8F0-0DE78901B094}.Debug|Any CPU.Build.0 = Debug|Any CPU
		{04163B39-BF17-403D-A8F0-0DE78901B094}.Release|Any CPU.ActiveCfg = Release|Any CPU
		{04163B39-BF17-403D-A8F0-0DE78901B094}.Release|Any CPU.Build.0 = Release|Any CPU
	EndGlobalSection
	GlobalSection(SolutionProperties) = preSolution
		HideSolutionNode = FALSE
	EndGlobalSection
	GlobalSection(ExtensibilityGlobals) = postSolution
		SolutionGuid = {F259FB13-244D-4835-B1DB-0CDCFF8AA2A0}
	EndGlobalSection
EndGlobal
